
Microsoft Visual Studio Solution File, Format Version 12.00
# Visual Studio Version 17
VisualStudioVersion = 17.4.33403.182
MinimumVisualStudioVersion = 10.0.40219.1
Project("{FAE04EC0-301F-11D3-BF4B-00C04F79EFBC}") = "GitCompareBranches", "GitCompareBranches\GitCompareBranches.csproj", "{828C17C2-5E8E-4C92-BC59-B38CED635405}"
EndProject
Global
	GlobalSection(SolutionConfigurationPlatforms) = preSolution
		Debug|Any CPU = Debug|Any CPU
		Release|Any CPU = Release|Any CPU
	EndGlobalSection
	GlobalSection(ProjectConfigurationPlatforms) = postSolution
		{828C17C2-5E8E-4C92-BC59-B38CED635405}.Debug|Any CPU.ActiveCfg = Debug|Any CPU
		{828C17C2-5E8E-4C92-BC59-B38CED635405}.Debug|Any CPU.Build.0 = Debug|Any CPU
		{828C17C2-5E8E-4C92-BC59-B38CED635405}.Release|Any CPU.ActiveCfg = Release|Any CPU
		{828C17C2-5E8E-4C92-BC59-B38CED635405}.Release|Any CPU.Build.0 = Release|Any CPU
	EndGlobalSection
	GlobalSection(SolutionProperties) = preSolution
		HideSolutionNode = FALSE
	EndGlobalSection
	GlobalSection(ExtensibilityGlobals) = postSolution
		SolutionGuid = {2735B275-AD9C-4446-8E14-9CEBD8A471B2}
	EndGlobalSection
EndGlobal
